
Microsoft Visual Studio Solution File, Format Version 12.00
# Visual Studio Version 17
VisualStudioVersion = 17.7.34009.444
MinimumVisualStudioVersion = 10.0.40219.1
Project("{FAE04EC0-301F-11D3-BF4B-00C04F79EFBC}") = "Aula131", "Aula131\Aula131.csproj", "{DA1D1312-C346-4522-A5C7-DDDE1B83BDDC}"
EndProject
Global
	GlobalSection(SolutionConfigurationPlatforms) = preSolution
		Debug|Any CPU = Debug|Any CPU
		Release|Any CPU = Release|Any CPU
	EndGlobalSection
	GlobalSection(ProjectConfigurationPlatforms) = postSolution
		{DA1D1312-C346-4522-A5C7-DDDE1B83BDDC}.Debug|Any CPU.ActiveCfg = Debug|Any CPU
		{DA1D1312-C346-4522-A5C7-DDDE1B83BDDC}.Debug|Any CPU.Build.0 = Debug|Any CPU
		{DA1D1312-C346-4522-A5C7-DDDE1B83BDDC}.Release|Any CPU.ActiveCfg = Release|Any CPU
		{DA1D1312-C346-4522-A5C7-DDDE1B83BDDC}.Release|Any CPU.Build.0 = Release|Any CPU
	EndGlobalSection
	GlobalSection(SolutionProperties) = preSolution
		HideSolutionNode = FALSE
	EndGlobalSection
	GlobalSection(ExtensibilityGlobals) = postSolution
		SolutionGuid = {2C8501DE-EDC1-4DB1-B0D7-3072E3EAC21E}
	EndGlobalSection
EndGlobal
