
Microsoft Visual Studio Solution File, Format Version 12.00
Project("{FAE04EC0-301F-11D3-BF4B-00C04F79EFBC}") = "ExercicioResolvidoMatriz", "ExercicioResolvidoMatriz\ExercicioResolvidoMatriz.csproj", "{20F3A3C6-2DE6-4F07-9FD3-FC3E17927B24}"
EndProject
Global
	GlobalSection(SolutionConfigurationPlatforms) = preSolution
		Debug|Any CPU = Debug|Any CPU
		Release|Any CPU = Release|Any CPU
	EndGlobalSection
	GlobalSection(ProjectConfigurationPlatforms) = postSolution
		{20F3A3C6-2DE6-4F07-9FD3-FC3E17927B24}.Debug|Any CPU.ActiveCfg = Debug|Any CPU
		{20F3A3C6-2DE6-4F07-9FD3-FC3E17927B24}.Debug|Any CPU.Build.0 = Debug|Any CPU
		{20F3A3C6-2DE6-4F07-9FD3-FC3E17927B24}.Release|Any CPU.ActiveCfg = Release|Any CPU
		{20F3A3C6-2DE6-4F07-9FD3-FC3E17927B24}.Release|Any CPU.Build.0 = Release|Any CPU
	EndGlobalSection
EndGlobal
