
Microsoft Visual Studio Solution File, Format Version 12.00
# Visual Studio Version 17
VisualStudioVersion = 17.7.34009.444
MinimumVisualStudioVersion = 10.0.40219.1
Project("{FAE04EC0-301F-11D3-BF4B-00C04F79EFBC}") = "ExercicioHerancaPolimorfismo", "ExercicioHerancaPolimorfismo\ExercicioHerancaPolimorfismo.csproj", "{418E6D72-5CE3-468F-B974-78F28BD89675}"
EndProject
Global
	GlobalSection(SolutionConfigurationPlatforms) = preSolution
		Debug|Any CPU = Debug|Any CPU
		Release|Any CPU = Release|Any CPU
	EndGlobalSection
	GlobalSection(ProjectConfigurationPlatforms) = postSolution
		{418E6D72-5CE3-468F-B974-78F28BD89675}.Debug|Any CPU.ActiveCfg = Debug|Any CPU
		{418E6D72-5CE3-468F-B974-78F28BD89675}.Debug|Any CPU.Build.0 = Debug|Any CPU
		{418E6D72-5CE3-468F-B974-78F28BD89675}.Release|Any CPU.ActiveCfg = Release|Any CPU
		{418E6D72-5CE3-468F-B974-78F28BD89675}.Release|Any CPU.Build.0 = Release|Any CPU
	EndGlobalSection
	GlobalSection(SolutionProperties) = preSolution
		HideSolutionNode = FALSE
	EndGlobalSection
	GlobalSection(ExtensibilityGlobals) = postSolution
		SolutionGuid = {DBD4FB71-B53A-475E-8C36-32BCA5DEA47A}
	EndGlobalSection
EndGlobal
