
Microsoft Visual Studio Solution File, Format Version 12.00
# Visual Studio Version 17
VisualStudioVersion = 17.6.33815.320
MinimumVisualStudioVersion = 10.0.40219.1
Project("{FAE04EC0-301F-11D3-BF4B-00C04F79EFBC}") = "ListaExercicios2", "ListaExercicios2\ListaExercicios2.csproj", "{C4AE4CF4-AB9E-4C59-B6C8-FBBC61AF7BB4}"
EndProject
Global
	GlobalSection(SolutionConfigurationPlatforms) = preSolution
		Debug|Any CPU = Debug|Any CPU
		Release|Any CPU = Release|Any CPU
	EndGlobalSection
	GlobalSection(ProjectConfigurationPlatforms) = postSolution
		{C4AE4CF4-AB9E-4C59-B6C8-FBBC61AF7BB4}.Debug|Any CPU.ActiveCfg = Debug|Any CPU
		{C4AE4CF4-AB9E-4C59-B6C8-FBBC61AF7BB4}.Debug|Any CPU.Build.0 = Debug|Any CPU
		{C4AE4CF4-AB9E-4C59-B6C8-FBBC61AF7BB4}.Release|Any CPU.ActiveCfg = Release|Any CPU
		{C4AE4CF4-AB9E-4C59-B6C8-FBBC61AF7BB4}.Release|Any CPU.Build.0 = Release|Any CPU
	EndGlobalSection
	GlobalSection(SolutionProperties) = preSolution
		HideSolutionNode = FALSE
	EndGlobalSection
	GlobalSection(ExtensibilityGlobals) = postSolution
		SolutionGuid = {B91E2EEE-7162-4154-A1C5-20B02700FC2D}
	EndGlobalSection
EndGlobal
