
Microsoft Visual Studio Solution File, Format Version 12.00
# Visual Studio Version 17
VisualStudioVersion = 17.6.33815.320
MinimumVisualStudioVersion = 10.0.40219.1
Project("{FAE04EC0-301F-11D3-BF4B-00C04F79EFBC}") = "AulaClasses", "AulaClasses\AulaClasses.csproj", "{6A54210D-E9CE-40E7-9850-59F61E80A89D}"
EndProject
Global
	GlobalSection(SolutionConfigurationPlatforms) = preSolution
		Debug|Any CPU = Debug|Any CPU
		Release|Any CPU = Release|Any CPU
	EndGlobalSection
	GlobalSection(ProjectConfigurationPlatforms) = postSolution
		{6A54210D-E9CE-40E7-9850-59F61E80A89D}.Debug|Any CPU.ActiveCfg = Debug|Any CPU
		{6A54210D-E9CE-40E7-9850-59F61E80A89D}.Debug|Any CPU.Build.0 = Debug|Any CPU
		{6A54210D-E9CE-40E7-9850-59F61E80A89D}.Release|Any CPU.ActiveCfg = Release|Any CPU
		{6A54210D-E9CE-40E7-9850-59F61E80A89D}.Release|Any CPU.Build.0 = Release|Any CPU
	EndGlobalSection
	GlobalSection(SolutionProperties) = preSolution
		HideSolutionNode = FALSE
	EndGlobalSection
	GlobalSection(ExtensibilityGlobals) = postSolution
		SolutionGuid = {415B1831-96E3-4D88-9F2C-0523BB92F651}
	EndGlobalSection
EndGlobal
